<Solution>
  <Project Path="Gameplay.csproj" />
  <Project Path="Core.csproj" />
  <Project Path="Editor.csproj" />
  <Project Path="UI.csproj" />
  <Project Path="Presentation.csproj" />
  <Project Path="Infrastructure.csproj" />
  <Project Path="Ink-Libraries.csproj" />
  <Project Path="InkEditor.csproj" />
  <Project Path="DOTween.Modules.csproj" />
  <Project Path="PlayModeTests.csproj" />
  <Project Path="DOTweenPro.Scripts.Editor.csproj" />
  <Project Path="DOTweenPro.Scripts.csproj" />
  <Project Path="Ink.Demos.Basic.csproj" />
  <Project Path="Ink.Demos.Basic.Editor.csproj" />
</Solution>
